// !$*UTF8*$!
{
	archiveVersion = 1;
	classes = {
	};
	objectVersion = 46;
	objects = {

/* Begin PBXBuildFile section */
		03E1DCDD1CD04D1B004BD8DF /* AppDelegate.swift in Sources */ = {isa = PBXBuildFile; fileRef = 03E1DCDC1CD04D1B004BD8DF /* AppDelegate.swift */; };
		03E1DCDF1CD04D1B004BD8DF /* MasterViewController.swift in Sources */ = {isa = PBXBuildFile; fileRef = 03E1DCDE1CD04D1B004BD8DF /* MasterViewController.swift */; };
		03E1DCE11CD04D1B004BD8DF /* DetailViewController.swift in Sources */ = {isa = PBXBuildFile; fileRef = 03E1DCE01CD04D1B004BD8DF /* DetailViewController.swift */; };
		03E1DCE41CD04D1B004BD8DF /* Main.storyboard in Resources */ = {isa = PBXBuildFile; fileRef = 03E1DCE21CD04D1B004BD8DF /* Main.storyboard */; };
		03E1DCE61CD04D1B004BD8DF /* Assets.xcassets in Resources */ = {isa = PBXBuildFile; fileRef = 03E1DCE51CD04D1B004BD8DF /* Assets.xcassets */; };
		03E1DCE91CD04D1B004BD8DF /* LaunchScreen.storyboard in Resources */ = {isa = PBXBuildFile; fileRef = 03E1DCE71CD04D1B004BD8DF /* LaunchScreen.storyboard */; };
		03E1DCF41CD04D1B004BD8DF /* Note_for_YouTests.swift in Sources */ = {isa = PBXBuildFile; fileRef = 03E1DCF31CD04D1B004BD8DF /* Note_for_YouTests.swift */; };
		03E1DCFF1CD04D1B004BD8DF /* Note_for_YouUITests.swift in Sources */ = {isa = PBXBuildFile; fileRef = 03E1DCFE1CD04D1B004BD8DF /* Note_for_YouUITests.swift */; };
		03FBF0141CD3C3B200FCABCF /* File.swift in Sources */ = {isa = PBXBuildFile; fileRef = 03FBF0131CD3C3B200FCABCF /* File.swift */; };
/* End PBXBuildFile section */

/* Begin PBXContainerItemProxy section */
		03E1DCF01CD04D1B004BD8DF /* PBXContainerItemProxy */ = {
			isa = PBXContainerItemProxy;
			containerPortal = 03E1DCD11CD04D1B004BD8DF /* Project object */;
			proxyType = 1;
			remoteGlobalIDString = 03E1DCD81CD04D1B004BD8DF;
			remoteInfo = "Note for You";
		};
		03E1DCFB1CD04D1B004BD8DF /* PBXContainerItemProxy */ = {
			isa = PBXContainerItemProxy;
			containerPortal = 03E1DCD11CD04D1B004BD8DF /* Project object */;
			proxyType = 1;
			remoteGlobalIDString = 03E1DCD81CD04D1B004BD8DF;
			remoteInfo = "Note for You";
		};
/* End PBXContainerItemProxy section */

/* Begin PBXFileReference section */
		03E1DCD91CD04D1B004BD8DF /* Note for You.app */ = {isa = PBXFileReference; explicitFileType = wrapper.application; includeInIndex = 0; path = "Note for You.app"; sourceTree = BUILT_PRODUCTS_DIR; };
		03E1DCDC1CD04D1B004BD8DF /* AppDelegate.swift */ = {isa = PBXFileReference; lastKnownFileType = sourcecode.swift; path = AppDelegate.swift; sourceTree = "<group>"; };
		03E1DCDE1CD04D1B004BD8DF /* MasterViewController.swift */ = {isa = PBXFileReference; lastKnownFileType = sourcecode.swift; path = MasterViewController.swift; sourceTree = "<group>"; };
		03E1DCE01CD04D1B004BD8DF /* DetailViewController.swift */ = {isa = PBXFileReference; lastKnownFileType = sourcecode.swift; path = DetailViewController.swift; sourceTree = "<group>"; };
		03E1DCE31CD04D1B004BD8DF /* Base */ = {isa = PBXFileReference; lastKnownFileType = file.storyboard; name = Base; path = Base.lproj/Main.storyboard; sourceTree = "<group>"; };
		03E1DCE51CD04D1B004BD8DF /* Assets.xcassets */ = {isa = PBXFileReference; lastKnownFileType = folder.assetcatalog; path = Assets.xcassets; sourceTree = "<group>"; };
		03E1DCE81CD04D1B004BD8DF /* Base */ = {isa = PBXFileReference; lastKnownFileType = file.storyboard; name = Base; path = Base.lproj/LaunchScreen.storyboard; sourceTree = "<group>"; };
		03E1DCEA1CD04D1B004BD8DF /* Info.plist */ = {isa = PBXFileReference; lastKnownFileType = text.plist.xml; path = Info.plist; sourceTree = "<group>"; };
		03E1DCEF1CD04D1B004BD8DF /* Note for YouTests.xctest */ = {isa = PBXFileReference; explicitFileType = wrapper.cfbundle; includeInIndex = 0; path = "Note for YouTests.xctest"; sourceTree = BUILT_PRODUCTS_DIR; };
		03E1DCF31CD04D1B004BD8DF /* Note_for_YouTests.swift */ = {isa = PBXFileReference; lastKnownFileType = sourcecode.swift; path = Note_for_YouTests.swift; sourceTree = "<group>"; };
		03E1DCF51CD04D1B004BD8DF /* Info.plist */ = {isa = PBXFileReference; lastKnownFileType = text.plist.xml; path = Info.plist; sourceTree = "<group>"; };
		03E1DCFA1CD04D1B004BD8DF /* Note for YouUITests.xctest */ = {isa = PBXFileReference; explicitFileType = wrapper.cfbundle; includeInIndex = 0; path = "Note for YouUITests.xctest"; sourceTree = BUILT_PRODUCTS_DIR; };
		03E1DCFE1CD04D1B004BD8DF /* Note_for_YouUITests.swift */ = {isa = PBXFileReference; lastKnownFileType = sourcecode.swift; path = Note_for_YouUITests.swift; sourceTree = "<group>"; };
		03E1DD001CD04D1B004BD8DF /* Info.plist */ = {isa = PBXFileReference; lastKnownFileType = text.plist.xml; path = Info.plist; sourceTree = "<group>"; };
		03FBF0131CD3C3B200FCABCF /* File.swift */ = {isa = PBXFileReference; fileEncoding = 4; lastKnownFileType = sourcecode.swift; name = File.swift; path = ../../../Documents/CS125NOTES/File.swift; sourceTree = "<group>"; };
/* End PBXFileReference section */

/* Begin PBXFrameworksBuildPhase section */
		03E1DCD61CD04D1B004BD8DF /* Frameworks */ = {
			isa = PBXFrameworksBuildPhase;
			buildActionMask = 2147483647;
			files = (
			);
			runOnlyForDeploymentPostprocessing = 0;
		};
		03E1DCEC1CD04D1B004BD8DF /* Frameworks */ = {
			isa = PBXFrameworksBuildPhase;
			buildActionMask = 2147483647;
			files = (
			);
			runOnlyForDeploymentPostprocessing = 0;
		};
		03E1DCF71CD04D1B004BD8DF /* Frameworks */ = {
			isa = PBXFrameworksBuildPhase;
			buildActionMask = 2147483647;
			files = (
			);
			runOnlyForDeploymentPostprocessing = 0;
		};
/* End PBXFrameworksBuildPhase section */

/* Begin PBXGroup section */
		03E1DCD01CD04D1B004BD8DF = {
			isa = PBXGroup;
			children = (
				03E1DCDB1CD04D1B004BD8DF /* Note for You */,
				03E1DCF21CD04D1B004BD8DF /* Note for YouTests */,
				03E1DCFD1CD04D1B004BD8DF /* Note for YouUITests */,
				03E1DCDA1CD04D1B004BD8DF /* Products */,
			);
			sourceTree = "<group>";
		};
		03E1DCDA1CD04D1B004BD8DF /* Products */ = {
			isa = PBXGroup;
			children = (
				03E1DCD91CD04D1B004BD8DF /* Note for You.app */,
				03E1DCEF1CD04D1B004BD8DF /* Note for YouTests.xctest */,
				03E1DCFA1CD04D1B004BD8DF /* Note for YouUITests.xctest */,
			);
			name = Products;
			sourceTree = "<group>";
		};
		03E1DCDB1CD04D1B004BD8DF /* Note for You */ = {
			isa = PBXGroup;
			children = (
				03E1DCDC1CD04D1B004BD8DF /* AppDelegate.swift */,
				03E1DCDE1CD04D1B004BD8DF /* MasterViewController.swift */,
				03E1DCE01CD04D1B004BD8DF /* DetailViewController.swift */,
				03E1DCE21CD04D1B004BD8DF /* Main.storyboard */,
				03FBF0131CD3C3B200FCABCF /* File.swift */,
				03E1DCE51CD04D1B004BD8DF /* Assets.xcassets */,
				03E1DCE71CD04D1B004BD8DF /* LaunchScreen.storyboard */,
				03E1DCEA1CD04D1B004BD8DF /* Info.plist */,
			);
			path = "Note for You";
			sourceTree = "<group>";
		};
		03E1DCF21CD04D1B004BD8DF /* Note for YouTests */ = {
			isa = PBXGroup;
			children = (
				03E1DCF31CD04D1B004BD8DF /* Note_for_YouTests.swift */,
				03E1DCF51CD04D1B004BD8DF /* Info.plist */,
			);
			path = "Note for YouTests";
			sourceTree = "<group>";
		};
		03E1DCFD1CD04D1B004BD8DF /* Note for YouUITests */ = {
			isa = PBXGroup;
			children = (
				03E1DCFE1CD04D1B004BD8DF /* Note_for_YouUITests.swift */,
				03E1DD001CD04D1B004BD8DF /* Info.plist */,
			);
			path = "Note for YouUITests";
			sourceTree = "<group>";
		};
/* End PBXGroup section */

/* Begin PBXNativeTarget section */
		03E1DCD81CD04D1B004BD8DF /* Note for You */ = {
			isa = PBXNativeTarget;
			buildConfigurationList = 03E1DD031CD04D1B004BD8DF /* Build configuration list for PBXNativeTarget "Note for You" */;
			buildPhases = (
				03E1DCD51CD04D1B004BD8DF /* Sources */,
				03E1DCD61CD04D1B004BD8DF /* Frameworks */,
				03E1DCD71CD04D1B004BD8DF /* Resources */,
			);
			buildRules = (
			);
			dependencies = (
			);
			name = "Note for You";
			productName = "Note for You";
			productReference = 03E1DCD91CD04D1B004BD8DF /* Note for You.app */;
			productType = "com.apple.product-type.application";
		};
		03E1DCEE1CD04D1B004BD8DF /* Note for YouTests */ = {
			isa = PBXNativeTarget;
			buildConfigurationList = 03E1DD061CD04D1B004BD8DF /* Build configuration list for PBXNativeTarget "Note for YouTests" */;
			buildPhases = (
				03E1DCEB1CD04D1B004BD8DF /* Sources */,
				03E1DCEC1CD04D1B004BD8DF /* Frameworks */,
				03E1DCED1CD04D1B004BD8DF /* Resources */,
			);
			buildRules = (
			);
			dependencies = (
				03E1DCF11CD04D1B004BD8DF /* PBXTargetDependency */,
			);
			name = "Note for YouTests";
			productName = "Note for YouTests";
			productReference = 03E1DCEF1CD04D1B004BD8DF /* Note for YouTests.xctest */;
			productType = "com.apple.product-type.bundle.unit-test";
		};
		03E1DCF91CD04D1B004BD8DF /* Note for YouUITests */ = {
			isa = PBXNativeTarget;
			buildConfigurationList = 03E1DD091CD04D1B004BD8DF /* Build configuration list for PBXNativeTarget "Note for YouUITests" */;
			buildPhases = (
				03E1DCF61CD04D1B004BD8DF /* Sources */,
				03E1DCF71CD04D1B004BD8DF /* Frameworks */,
				03E1DCF81CD04D1B004BD8DF /* Resources */,
			);
			buildRules = (
			);
			dependencies = (
				03E1DCFC1CD04D1B004BD8DF /* PBXTargetDependency */,
			);
			name = "Note for YouUITests";
			productName = "Note for YouUITests";
			productReference = 03E1DCFA1CD04D1B004BD8DF /* Note for YouUITests.xctest */;
			productType = "com.apple.product-type.bundle.ui-testing";
		};
/* End PBXNativeTarget section */

/* Begin PBXProject section */
		03E1DCD11CD04D1B004BD8DF /* Project object */ = {
			isa = PBXProject;
			attributes = {
				LastSwiftUpdateCheck = 0730;
				LastUpgradeCheck = 0730;
				ORGANIZATIONNAME = Huan;
				TargetAttributes = {
					03E1DCD81CD04D1B004BD8DF = {
						CreatedOnToolsVersion = 7.3;
					};
					03E1DCEE1CD04D1B004BD8DF = {
						CreatedOnToolsVersion = 7.3;
						TestTargetID = 03E1DCD81CD04D1B004BD8DF;
					};
					03E1DCF91CD04D1B004BD8DF = {
						CreatedOnToolsVersion = 7.3;
						TestTargetID = 03E1DCD81CD04D1B004BD8DF;
					};
				};
			};
			buildConfigurationList = 03E1DCD41CD04D1B004BD8DF /* Build configuration list for PBXProject "Note for You" */;
			compatibilityVersion = "Xcode 3.2";
			developmentRegion = English;
			hasScannedForEncodings = 0;
			knownRegions = (
				en,
				Base,
			);
			mainGroup = 03E1DCD01CD04D1B004BD8DF;
			productRefGroup = 03E1DCDA1CD04D1B004BD8DF /* Products */;
			projectDirPath = "";
			projectRoot = "";
			targets = (
				03E1DCD81CD04D1B004BD8DF /* Note for You */,
				03E1DCEE1CD04D1B004BD8DF /* Note for YouTests */,
				03E1DCF91CD04D1B004BD8DF /* Note for YouUITests */,
			);
		};
/* End PBXProject section */

/* Begin PBXResourcesBuildPhase section */
		03E1DCD71CD04D1B004BD8DF /* Resources */ = {
			isa = PBXResourcesBuildPhase;
			buildActionMask = 2147483647;
			files = (
				03E1DCE91CD04D1B004BD8DF /* LaunchScreen.storyboard in Resources */,
				03E1DCE61CD04D1B004BD8DF /* Assets.xcassets in Resources */,
				03E1DCE41CD04D1B004BD8DF /* Main.storyboard in Resources */,
			);
			runOnlyForDeploymentPostprocessing = 0;
		};
		03E1DCED1CD04D1B004BD8DF /* Resources */ = {
			isa = PBXResourcesBuildPhase;
			buildActionMask = 2147483647;
			files = (
			);
			runOnlyForDeploymentPostprocessing = 0;
		};
		03E1DCF81CD04D1B004BD8DF /* Resources */ = {
			isa = PBXResourcesBuildPhase;
			buildActionMask = 2147483647;
			files = (
			);
			runOnlyForDeploymentPostprocessing = 0;
		};
/* End PBXResourcesBuildPhase section */

/* Begin PBXSourcesBuildPhase section */
		03E1DCD51CD04D1B004BD8DF /* Sources */ = {
			isa = PBXSourcesBuildPhase;
			buildActionMask = 2147483647;
			files = (
				03E1DCE11CD04D1B004BD8DF /* DetailViewController.swift in Sources */,
				03FBF0141CD3C3B200FCABCF /* File.swift in Sources */,
				03E1DCDF1CD04D1B004BD8DF /* MasterViewController.swift in Sources */,
				03E1DCDD1CD04D1B004BD8DF /* AppDelegate.swift in Sources */,
			);
			runOnlyForDeploymentPostprocessing = 0;
		};
		03E1DCEB1CD04D1B004BD8DF /* Sources */ = {
			isa = PBXSourcesBuildPhase;
			buildActionMask = 2147483647;
			files = (
				03E1DCF41CD04D1B004BD8DF /* Note_for_YouTests.swift in Sources */,
			);
			runOnlyForDeploymentPostprocessing = 0;
		};
		03E1DCF61CD04D1B004BD8DF /* Sources */ = {
			isa = PBXSourcesBuildPhase;
			buildActionMask = 2147483647;
			files = (
				03E1DCFF1CD04D1B004BD8DF /* Note_for_YouUITests.swift in Sources */,
			);
			runOnlyForDeploymentPostprocessing = 0;
		};
/* End PBXSourcesBuildPhase section */

/* Begin PBXTargetDependency section */
		03E1DCF11CD04D1B004BD8DF /* PBXTargetDependency */ = {
			isa = PBXTargetDependency;
			target = 03E1DCD81CD04D1B004BD8DF /* Note for You */;
			targetProxy = 03E1DCF01CD04D1B004BD8DF /* PBXContainerItemProxy */;
		};
		03E1DCFC1CD04D1B004BD8DF /* PBXTargetDependency */ = {
			isa = PBXTargetDependency;
			target = 03E1DCD81CD04D1B004BD8DF /* Note for You */;
			targetProxy = 03E1DCFB1CD04D1B004BD8DF /* PBXContainerItemProxy */;
		};
/* End PBXTargetDependency section */

/* Begin PBXVariantGroup section */
		03E1DCE21CD04D1B004BD8DF /* Main.storyboard */ = {
			isa = PBXVariantGroup;
			children = (
				03E1DCE31CD04D1B004BD8DF /* Base */,
			);
			name = Main.storyboard;
			sourceTree = "<group>";
		};
		03E1DCE71CD04D1B004BD8DF /* LaunchScreen.storyboard */ = {
			isa = PBXVariantGroup;
			children = (
				03E1DCE81CD04D1B004BD8DF /* Base */,
			);
			name = LaunchScreen.storyboard;
			sourceTree = "<group>";
		};
/* End PBXVariantGroup section */

/* Begin XCBuildConfiguration section */
		03E1DD011CD04D1B004BD8DF /* Debug */ = {
			isa = XCBuildConfiguration;
			buildSettings = {
				ALWAYS_SEARCH_USER_PATHS = NO;
				CLANG_ANALYZER_NONNULL = YES;
				CLANG_CXX_LANGUAGE_STANDARD = "gnu++0x";
				CLANG_CXX_LIBRARY = "libc++";
				CLANG_ENABLE_MODULES = YES;
				CLANG_ENABLE_OBJC_ARC = YES;
				CLANG_WARN_BOOL_CONVERSION = YES;
				CLANG_WARN_CONSTANT_CONVERSION = YES;
				CLANG_WARN_DIRECT_OBJC_ISA_USAGE = YES_ERROR;
				CLANG_WARN_EMPTY_BODY = YES;
				CLANG_WARN_ENUM_CONVERSION = YES;
				CLANG_WARN_INT_CONVERSION = YES;
				CLANG_WARN_OBJC_ROOT_CLASS = YES_ERROR;
				CLANG_WARN_UNREACHABLE_CODE = YES;
				CLANG_WARN__DUPLICATE_METHOD_MATCH = YES;
				"CODE_SIGN_IDENTITY[sdk=iphoneos*]" = "iPhone Developer";
				COPY_PHASE_STRIP = NO;
				DEBUG_INFORMATION_FORMAT = dwarf;
				ENABLE_STRICT_OBJC_MSGSEND = YES;
				ENABLE_TESTABILITY = YES;
				GCC_C_LANGUAGE_STANDARD = gnu99;
				GCC_DYNAMIC_NO_PIC = NO;
				GCC_NO_COMMON_BLOCKS = YES;
				GCC_OPTIMIZATION_LEVEL = 0;
				GCC_PREPROCESSOR_DEFINITIONS = (
					"DEBUG=1",
					"$(inherited)",
				);
				GCC_WARN_64_TO_32_BIT_CONVERSION = YES;
				GCC_WARN_ABOUT_RETURN_TYPE = YES_ERROR;
				GCC_WARN_UNDECLARED_SELECTOR = YES;
				GCC_WARN_UNINITIALIZED_AUTOS = YES_AGGRESSIVE;
				GCC_WARN_UNUSED_FUNCTION = YES;
				GCC_WARN_UNUSED_VARIABLE = YES;
				IPHONEOS_DEPLOYMENT_TARGET = 9.3;
				MTL_ENABLE_DEBUG_INFO = YES;
				ONLY_ACTIVE_ARCH = YES;
				SDKROOT = iphoneos;
				SWIFT_OPTIMIZATION_LEVEL = "-Onone";
			};
			name = Debug;
		};
		03E1DD021CD04D1B004BD8DF /* Release */ = {
			isa = XCBuildConfiguration;
			buildSettings = {
				ALWAYS_SEARCH_USER_PATHS = NO;
				CLANG_ANALYZER_NONNULL = YES;
				CLANG_CXX_LANGUAGE_STANDARD = "gnu++0x";
				CLANG_CXX_LIBRARY = "libc++";
				CLANG_ENABLE_MODULES = YES;
				CLANG_ENABLE_OBJC_ARC = YES;
				CLANG_WARN_BOOL_CONVERSION = YES;
				CLANG_WARN_CONSTANT_CONVERSION = YES;
				CLANG_WARN_DIRECT_OBJC_ISA_USAGE = YES_ERROR;
				CLANG_WARN_EMPTY_BODY = YES;
				CLANG_WARN_ENUM_CONVERSION = YES;
				CLANG_WARN_INT_CONVERSION = YES;
				CLANG_WARN_OBJC_ROOT_CLASS = YES_ERROR;
				CLANG_WARN_UNREACHABLE_CODE = YES;
				CLANG_WARN__DUPLICATE_METHOD_MATCH = YES;
				"CODE_SIGN_IDENTITY[sdk=iphoneos*]" = "iPhone Developer";
				COPY_PHASE_STRIP = NO;
				DEBUG_INFORMATION_FORMAT = "dwarf-with-dsym";
				ENABLE_NS_ASSERTIONS = NO;
				ENABLE_STRICT_OBJC_MSGSEND = YES;
				GCC_C_LANGUAGE_STANDARD = gnu99;
				GCC_NO_COMMON_BLOCKS = YES;
				GCC_WARN_64_TO_32_BIT_CONVERSION = YES;
				GCC_WARN_ABOUT_RETURN_TYPE = YES_ERROR;
				GCC_WARN_UNDECLARED_SELECTOR = YES;
				GCC_WARN_UNINITIALIZED_AUTOS = YES_AGGRESSIVE;
				GCC_WARN_UNUSED_FUNCTION = YES;
				GCC_WARN_UNUSED_VARIABLE = YES;
				IPHONEOS_DEPLOYMENT_TARGET = 9.3;
				MTL_ENABLE_DEBUG_INFO = NO;
				SDKROOT = iphoneos;
				VALIDATE_PRODUCT = YES;
			};
			name = Release;
		};
		03E1DD041CD04D1B004BD8DF /* Debug */ = {
			isa = XCBuildConfiguration;
			buildSettings = {
				ASSETCATALOG_COMPILER_APPICON_NAME = AppIcon;
				INFOPLIST_FILE = "Note for You/Info.plist";
				LD_RUNPATH_SEARCH_PATHS = "$(inherited) @executable_path/Frameworks";
				PRODUCT_BUNDLE_IDENTIFIER = "com.toddperkins.Note-for-You";
				PRODUCT_NAME = "$(TARGET_NAME)";
			};
			name = Debug;
		};
		03E1DD051CD04D1B004BD8DF /* Release */ = {
			isa = XCBuildConfiguration;
			buildSettings = {
				ASSETCATALOG_COMPILER_APPICON_NAME = AppIcon;
				INFOPLIST_FILE = "Note for You/Info.plist";
				LD_RUNPATH_SEARCH_PATHS = "$(inherited) @executable_path/Frameworks";
				PRODUCT_BUNDLE_IDENTIFIER = "com.toddperkins.Note-for-You";
				PRODUCT_NAME = "$(TARGET_NAME)";
			};
			name = Release;
		};
		03E1DD071CD04D1B004BD8DF /* Debug */ = {
			isa = XCBuildConfiguration;
			buildSettings = {
				BUNDLE_LOADER = "$(TEST_HOST)";
				INFOPLIST_FILE = "Note for YouTests/Info.plist";
				LD_RUNPATH_SEARCH_PATHS = "$(inherited) @executable_path/Frameworks @loader_path/Frameworks";
				PRODUCT_BUNDLE_IDENTIFIER = "com.toddperkins.Note-for-YouTests";
				PRODUCT_NAME = "$(TARGET_NAME)";
				TEST_HOST = "$(BUILT_PRODUCTS_DIR)/Note for You.app/Note for You";
			};
			name = Debug;
		};
		03E1DD081CD04D1B004BD8DF /* Release */ = {
			isa = XCBuildConfiguration;
			buildSettings = {
				BUNDLE_LOADER = "$(TEST_HOST)";
				INFOPLIST_FILE = "Note for YouTests/Info.plist";
				LD_RUNPATH_SEARCH_PATHS = "$(inherited) @executable_path/Frameworks @loader_path/Frameworks";
				PRODUCT_BUNDLE_IDENTIFIER = "com.toddperkins.Note-for-YouTests";
				PRODUCT_NAME = "$(TARGET_NAME)";
				TEST_HOST = "$(BUILT_PRODUCTS_DIR)/Note for You.app/Note for You";
			};
			name = Release;
		};
		03E1DD0A1CD04D1B004BD8DF /* Debug */ = {
			isa = XCBuildConfiguration;
			buildSettings = {
				INFOPLIST_FILE = "Note for YouUITests/Info.plist";
				LD_RUNPATH_SEARCH_PATHS = "$(inherited) @executable_path/Frameworks @loader_path/Frameworks";
				PRODUCT_BUNDLE_IDENTIFIER = "com.toddperkins.Note-for-YouUITests";
				PRODUCT_NAME = "$(TARGET_NAME)";
				TEST_TARGET_NAME = "Note for You";
			};
			name = Debug;
		};
		03E1DD0B1CD04D1B004BD8DF /* Release */ = {
			isa = XCBuildConfiguration;
			buildSettings = {
				INFOPLIST_FILE = "Note for YouUITests/Info.plist";
				LD_RUNPATH_SEARCH_PATHS = "$(inherited) @executable_path/Frameworks @loader_path/Frameworks";
				PRODUCT_BUNDLE_IDENTIFIER = "com.toddperkins.Note-for-YouUITests";
				PRODUCT_NAME = "$(TARGET_NAME)";
				TEST_TARGET_NAME = "Note for You";
			};
			name = Release;
		};
/* End XCBuildConfiguration section */

/* Begin XCConfigurationList section */
		03E1DCD41CD04D1B004BD8DF /* Build configuration list for PBXProject "Note for You" */ = {
			isa = XCConfigurationList;
			buildConfigurations = (
				03E1DD011CD04D1B004BD8DF /* Debug */,
				03E1DD021CD04D1B004BD8DF /* Release */,
			);
			defaultConfigurationIsVisible = 0;
			defaultConfigurationName = Release;
		};
		03E1DD031CD04D1B004BD8DF /* Build configuration list for PBXNativeTarget "Note for You" */ = {
			isa = XCConfigurationList;
			buildConfigurations = (
				03E1DD041CD04D1B004BD8DF /* Debug */,
				03E1DD051CD04D1B004BD8DF /* Release */,
			);
			defaultConfigurationIsVisible = 0;
			defaultConfigurationName = Release;
		};
		03E1DD061CD04D1B004BD8DF /* Build configuration list for PBXNativeTarget "Note for YouTests" */ = {
			isa = XCConfigurationList;
			buildConfigurations = (
				03E1DD071CD04D1B004BD8DF /* Debug */,
				03E1DD081CD04D1B004BD8DF /* Release */,
			);
			defaultConfigurationIsVisible = 0;
			defaultConfigurationName = Release;
		};
		03E1DD091CD04D1B004BD8DF /* Build configuration list for PBXNativeTarget "Note for YouUITests" */ = {
			isa = XCConfigurationList;
			buildConfigurations = (
				03E1DD0A1CD04D1B004BD8DF /* Debug */,
				03E1DD0B1CD04D1B004BD8DF /* Release */,
			);
			defaultConfigurationIsVisible = 0;
			defaultConfigurationName = Release;
		};
/* End XCConfigurationList section */
	};
	rootObject = 03E1DCD11CD04D1B004BD8DF /* Project object */;
}
